{
  "version": "5",
  "redirects": {
    "https://esm.sh/@selderee/plugin-htmlparser2@^0.11.0?target=denonext": "https://esm.sh/@selderee/plugin-htmlparser2@0.11.0?target=denonext",
    "https://esm.sh/@supabase/functions-js@^2.1.5?target=denonext": "https://esm.sh/@supabase/functions-js@2.103.2?target=denonext",
    "https://esm.sh/@supabase/gotrue-js@^2.60.0?target=denonext": "https://esm.sh/@supabase/gotrue-js@2.103.2?target=denonext",
    "https://esm.sh/@supabase/node-fetch@^2.6.14?target=denonext": "https://esm.sh/@supabase/node-fetch@2.6.15?target=denonext",
    "https://esm.sh/@supabase/phoenix@^0.4.0?target=denonext": "https://esm.sh/@supabase/phoenix@0.4.0?target=denonext",
    "https://esm.sh/@supabase/postgrest-js@^1.9.0?target=denonext": "https://esm.sh/@supabase/postgrest-js@1.21.4?target=denonext",
    "https://esm.sh/@supabase/realtime-js@^2.9.3?target=denonext": "https://esm.sh/@supabase/realtime-js@2.103.2?target=denonext",
    "https://esm.sh/@supabase/storage-js@^2.5.4?target=denonext": "https://esm.sh/@supabase/storage-js@2.103.2?target=denonext",
    "https://esm.sh/@supabase/supabase-js@2": "https://esm.sh/@supabase/supabase-js@2.100.1",
    "https://esm.sh/@types/js-beautify@~1.14.3/index.d.ts": "https://esm.sh/@types/js-beautify@1.14.3/index.d.ts",
    "https://esm.sh/@types/react@~19.0.7/index.d.ts": "https://esm.sh/@types/react@19.0.14/index.d.ts",
    "https://esm.sh/@types/ws@~8.18.1/index.d.mts": "https://esm.sh/@types/ws@8.18.1/index.d.mts",
    "https://esm.sh/bufferutil@^4.0.1?target=denonext": "https://esm.sh/bufferutil@4.1.0?target=denonext",
    "https://esm.sh/condense-newlines@^0.2.1?target=denonext": "https://esm.sh/condense-newlines@0.2.1?target=denonext",
    "https://esm.sh/deepmerge@^4.3.1?target=denonext": "https://esm.sh/deepmerge@4.3.1?target=denonext",
    "https://esm.sh/dom-serializer@^2.0.0?target=denonext": "https://esm.sh/dom-serializer@2.0.0?target=denonext",
    "https://esm.sh/domelementtype@^2.3.0?target=denonext": "https://esm.sh/domelementtype@2.3.0?target=denonext",
    "https://esm.sh/domhandler@^5.0.3?target=denonext": "https://esm.sh/domhandler@5.0.3?target=denonext",
    "https://esm.sh/domutils@^3.0.1?target=denonext": "https://esm.sh/domutils@3.2.2?target=denonext",
    "https://esm.sh/entities@^4.2.0?target=denonext": "https://esm.sh/entities@4.5.0?target=denonext",
    "https://esm.sh/entities@^4.4.0/lib/decode?target=denonext": "https://esm.sh/entities@4.5.0/lib/decode?target=denonext",
    "https://esm.sh/htmlparser2@^8.0.2?target=denonext": "https://esm.sh/htmlparser2@8.0.2?target=denonext",
    "https://esm.sh/iceberg-js@^0.8.1?target=denonext": "https://esm.sh/iceberg-js@0.8.1?target=denonext",
    "https://esm.sh/is-buffer@^1.1.5?target=denonext": "https://esm.sh/is-buffer@1.1.6?target=denonext",
    "https://esm.sh/js-beautify@^1.6.12?target=denonext": "https://esm.sh/js-beautify@1.15.4?target=denonext",
    "https://esm.sh/kind-of@^3.0.2?target=denonext": "https://esm.sh/kind-of@3.2.2?target=denonext",
    "https://esm.sh/leac@^0.6.0?target=denonext": "https://esm.sh/leac@0.6.0?target=denonext",
    "https://esm.sh/node-gyp-build@^4.3.0?target=denonext": "https://esm.sh/node-gyp-build@4.8.4?target=denonext",
    "https://esm.sh/parseley@^0.12.0?target=denonext": "https://esm.sh/parseley@0.12.1?target=denonext",
    "https://esm.sh/peberminta@^0.9.0?target=denonext": "https://esm.sh/peberminta@0.9.0?target=denonext",
    "https://esm.sh/selderee@^0.11.0?target=denonext": "https://esm.sh/selderee@0.11.0?target=denonext",
    "https://esm.sh/tr46@~0.0.3?target=denonext": "https://esm.sh/tr46@0.0.3?target=denonext",
    "https://esm.sh/utf-8-validate@%3E=5.0.2?target=denonext": "https://esm.sh/utf-8-validate@6.0.6?target=denonext",
    "https://esm.sh/webidl-conversions@^3.0.0?target=denonext": "https://esm.sh/webidl-conversions@3.0.1?target=denonext",
    "https://esm.sh/whatwg-url@^5.0.0?target=denonext": "https://esm.sh/whatwg-url@5.0.0?target=denonext",
    "https://esm.sh/ws@^8.18.0?target=denonext": "https://esm.sh/ws@8.19.0?target=denonext"
  },
  "remote": {
    "https://deno.land/std@0.168.0/async/abortable.ts": "80b2ac399f142cc528f95a037a7d0e653296352d95c681e284533765961de409",
    "https://deno.land/std@0.168.0/async/deadline.ts": "2c2deb53c7c28ca1dda7a3ad81e70508b1ebc25db52559de6b8636c9278fd41f",
    "https://deno.land/std@0.168.0/async/debounce.ts": "60301ffb37e730cd2d6f9dadfd0ecb2a38857681bd7aaf6b0a106b06e5210a98",
    "https://deno.land/std@0.168.0/async/deferred.ts": "77d3f84255c3627f1cc88699d8472b664d7635990d5358c4351623e098e917d6",
    "https://deno.land/std@0.168.0/async/delay.ts": "5a9bfba8de38840308a7a33786a0155a7f6c1f7a859558ddcec5fe06e16daf57",
    "https://deno.land/std@0.168.0/async/mod.ts": "7809ad4bb223e40f5fdc043e5c7ca04e0e25eed35c32c3c32e28697c553fa6d9",
    "https://deno.land/std@0.168.0/async/mux_async_iterator.ts": "770a0ff26c59f8bbbda6b703a2235f04e379f73238e8d66a087edc68c2a2c35f",
    "https://deno.land/std@0.168.0/async/pool.ts": "6854d8cd675a74c73391c82005cbbe4cc58183bddcd1fbbd7c2bcda42b61cf69",
    "https://deno.land/std@0.168.0/async/retry.ts": "e8e5173623915bbc0ddc537698fa418cf875456c347eda1ed453528645b42e67",
    "https://deno.land/std@0.168.0/async/tee.ts": "3a47cc4e9a940904fd4341f0224907e199121c80b831faa5ec2b054c6d2eff5e",
    "https://deno.land/std@0.168.0/fmt/colors.ts": "03ad95e543d2808bc43c17a3dd29d25b43d0f16287fe562a0be89bf632454a12",
    "https://deno.land/std@0.168.0/http/server.ts": "e99c1bee8a3f6571ee4cdeb2966efad465b8f6fe62bec1bdb59c1f007cc4d155",
    "https://deno.land/std@0.168.0/testing/_diff.ts": "a23e7fc2b4d8daa3e158fa06856bedf5334ce2a2831e8bf9e509717f455adb2c",
    "https://deno.land/std@0.168.0/testing/_format.ts": "cd11136e1797791045e639e9f0f4640d5b4166148796cad37e6ef75f7d7f3832",
    "https://deno.land/std@0.168.0/testing/asserts.ts": "51353e79437361d4b02d8e32f3fc83b22231bc8f8d4c841d86fd32b0b0afe940",
    "https://deno.land/std@0.208.0/assert/_constants.ts": "8a9da298c26750b28b326b297316cdde860bc237533b07e1337c021379e6b2a9",
    "https://deno.land/std@0.208.0/assert/_diff.ts": "58e1461cc61d8eb1eacbf2a010932bf6a05b79344b02ca38095f9b805795dc48",
    "https://deno.land/std@0.208.0/assert/_format.ts": "a69126e8a469009adf4cf2a50af889aca364c349797e63174884a52ff75cf4c7",
    "https://deno.land/std@0.208.0/assert/assert.ts": "9a97dad6d98c238938e7540736b826440ad8c1c1e54430ca4c4e623e585607ee",
    "https://deno.land/std@0.208.0/assert/assert_almost_equals.ts": "e15ca1f34d0d5e0afae63b3f5d975cbd18335a132e42b0c747d282f62ad2cd6c",
    "https://deno.land/std@0.208.0/assert/assert_array_includes.ts": "6856d7f2c3544bc6e62fb4646dfefa3d1df5ff14744d1bca19f0cbaf3b0d66c9",
    "https://deno.land/std@0.208.0/assert/assert_equals.ts": "d8ec8a22447fbaf2fc9d7c3ed2e66790fdb74beae3e482855d75782218d68227",
    "https://deno.land/std@0.208.0/assert/assert_exists.ts": "407cb6b9fb23a835cd8d5ad804e2e2edbbbf3870e322d53f79e1c7a512e2efd7",
    "https://deno.land/std@0.208.0/assert/assert_false.ts": "0ccbcaae910f52c857192ff16ea08bda40fdc79de80846c206bfc061e8c851c6",
    "https://deno.land/std@0.208.0/assert/assert_greater.ts": "ae2158a2d19313bf675bf7251d31c6dc52973edb12ac64ac8fc7064152af3e63",
    "https://deno.land/std@0.208.0/assert/assert_greater_or_equal.ts": "1439da5ebbe20855446cac50097ac78b9742abe8e9a43e7de1ce1426d556e89c",
    "https://deno.land/std@0.208.0/assert/assert_instance_of.ts": "3aedb3d8186e120812d2b3a5dea66a6e42bf8c57a8bd927645770bd21eea554c",
    "https://deno.land/std@0.208.0/assert/assert_is_error.ts": "c21113094a51a296ffaf036767d616a78a2ae5f9f7bbd464cd0197476498b94b",
    "https://deno.land/std@0.208.0/assert/assert_less.ts": "aec695db57db42ec3e2b62e97e1e93db0063f5a6ec133326cc290ff4b71b47e4",
    "https://deno.land/std@0.208.0/assert/assert_less_or_equal.ts": "5fa8b6a3ffa20fd0a05032fe7257bf985d207b85685fdbcd23651b70f928c848",
    "https://deno.land/std@0.208.0/assert/assert_match.ts": "c4083f80600bc190309903c95e397a7c9257ff8b5ae5c7ef91e834704e672e9b",
    "https://deno.land/std@0.208.0/assert/assert_not_equals.ts": "9f1acab95bd1f5fc9a1b17b8027d894509a745d91bac1718fdab51dc76831754",
    "https://deno.land/std@0.208.0/assert/assert_not_instance_of.ts": "0c14d3dfd9ab7a5276ed8ed0b18c703d79a3d106102077ec437bfe7ed912bd22",
    "https://deno.land/std@0.208.0/assert/assert_not_match.ts": "3796a5b0c57a1ce6c1c57883dd4286be13a26f715ea662318ab43a8491a13ab0",
    "https://deno.land/std@0.208.0/assert/assert_not_strict_equals.ts": "4cdef83df17488df555c8aac1f7f5ec2b84ad161b6d0645ccdbcc17654e80c99",
    "https://deno.land/std@0.208.0/assert/assert_object_match.ts": "d8fc2867cfd92eeacf9cea621e10336b666de1874a6767b5ec48988838370b54",
    "https://deno.land/std@0.208.0/assert/assert_rejects.ts": "45c59724de2701e3b1f67c391d6c71c392363635aad3f68a1b3408f9efca0057",
    "https://deno.land/std@0.208.0/assert/assert_strict_equals.ts": "b1f538a7ea5f8348aeca261d4f9ca603127c665e0f2bbfeb91fa272787c87265",
    "https://deno.land/std@0.208.0/assert/assert_string_includes.ts": "b821d39ebf5cb0200a348863c86d8c4c4b398e02012ce74ad15666fc4b631b0c",
    "https://deno.land/std@0.208.0/assert/assert_throws.ts": "63784e951475cb7bdfd59878cd25a0931e18f6dc32a6077c454b2cd94f4f4bcd",
    "https://deno.land/std@0.208.0/assert/assertion_error.ts": "4d0bde9b374dfbcbe8ac23f54f567b77024fb67dbb1906a852d67fe050d42f56",
    "https://deno.land/std@0.208.0/assert/equal.ts": "9f1a46d5993966d2596c44e5858eec821859b45f783a5ee2f7a695dfc12d8ece",
    "https://deno.land/std@0.208.0/assert/fail.ts": "c36353d7ae6e1f7933d45f8ea51e358c8c4b67d7e7502028598fe1fea062e278",
    "https://deno.land/std@0.208.0/assert/mod.ts": "37c49a26aae2b254bbe25723434dc28cd7532e444cf0b481a97c045d110ec085",
    "https://deno.land/std@0.208.0/assert/unimplemented.ts": "d56fbeecb1f108331a380f72e3e010a1f161baa6956fd0f7cf3e095ae1a4c75a",
    "https://deno.land/std@0.208.0/assert/unreachable.ts": "4600dc0baf7d9c15a7f7d234f00c23bca8f3eba8b140286aaca7aa998cf9a536",
    "https://deno.land/std@0.208.0/fmt/colors.ts": "34b3f77432925eb72cf0bfb351616949746768620b8e5ead66da532f93d10ba2",
    "https://deno.land/std@0.99.0/_util/assert.ts": "2f868145a042a11d5ad0a3c748dcf580add8a0dbc0e876eaa0026303a5488f58",
    "https://deno.land/std@0.99.0/_util/os.ts": "e282950a0eaa96760c0cf11e7463e66babd15ec9157d4c9ed49cc0925686f6a7",
    "https://deno.land/std@0.99.0/path/_constants.ts": "1247fee4a79b70c89f23499691ef169b41b6ccf01887a0abd131009c5581b853",
    "https://deno.land/std@0.99.0/path/_interface.ts": "1fa73b02aaa24867e481a48492b44f2598cd9dfa513c7b34001437007d3642e4",
    "https://deno.land/std@0.99.0/path/_util.ts": "2e06a3b9e79beaf62687196bd4b60a4c391d862cfa007a20fc3a39f778ba073b",
    "https://deno.land/std@0.99.0/path/common.ts": "eaf03d08b569e8a87e674e4e265e099f237472b6fd135b3cbeae5827035ea14a",
    "https://deno.land/std@0.99.0/path/glob.ts": "314ad9ff263b895795208cdd4d5e35a44618ca3c6dd155e226fb15d065008652",
    "https://deno.land/std@0.99.0/path/mod.ts": "4465dc494f271b02569edbb4a18d727063b5dbd6ed84283ff906260970a15d12",
    "https://deno.land/std@0.99.0/path/posix.ts": "f56c3c99feb47f30a40ce9d252ef6f00296fa7c0fcb6dd81211bdb3b8b99ca3b",
    "https://deno.land/std@0.99.0/path/separator.ts": "8fdcf289b1b76fd726a508f57d3370ca029ae6976fcde5044007f062e643ff1c",
    "https://deno.land/std@0.99.0/path/win32.ts": "77f7b3604e0de40f3a7c698e8a79e7f601dc187035a1c21cb1e596666ce112f8",
    "https://deno.land/x/media_types@v2.9.0/db.ts": "ba39cddbcefce47d577c0529066787a3a7b39d27750a6d32b5ad53ed487e7b7b",
    "https://deno.land/x/media_types@v2.9.0/deps.ts": "364b24c35845cfd5c6903ab22b8ba9873bf1022bbbf6bf3d001695332d4bbb4f",
    "https://deno.land/x/media_types@v2.9.0/mod.ts": "d63583b978d32eff8b76e1ae5d83cba2fb27baa90cc1bcb0ad15a06122ea8c19",
    "https://deno.land/x/xhr@0.1.0/mod.ts": "5200325d879e571961f0927e8e32e66fd33f4ba0d29a219560cf9e0fe9bc6cdf",
    "https://esm.sh/@react-email/render@0.0.9/denonext/render.mjs": "6ae0f6da3674e136f50a588ac11c228ac7a41603b2d163218193e79e611afd89",
    "https://esm.sh/@selderee/plugin-htmlparser2@0.11.0/denonext/plugin-htmlparser2.mjs": "bf215c5e29a046da720be2ba856316197ccd53291f42030e947f3df49d8a93e4",
    "https://esm.sh/@selderee/plugin-htmlparser2@0.11.0?target=denonext": "1b642b94e690ea7e82b72aab470d89548cc2e32fd6a1603afec94f67c800b7db",
    "https://esm.sh/@supabase/auth-js@2.100.1/denonext/auth-js.mjs": "751557d2d055a38d73c9cab104519f0a264417166498139948e333b63aec8677",
    "https://esm.sh/@supabase/auth-js@2.68.0/denonext/auth-js.mjs": "c3c7ee55b70b7bfac11c1085db2ee95b6ebccf10590336d071b219cf226bb212",
    "https://esm.sh/@supabase/functions-js@2.100.1/denonext/functions-js.mjs": "9a293b1dd13d64771d7e33f2eb6c53491a964e96faa477b5f939df16e70aedcf",
    "https://esm.sh/@supabase/functions-js@2.103.2/denonext/functions-js.mjs": "c020f2488bec52923a9b827403dc5fb01e99909c60863e2450d610f68accf170",
    "https://esm.sh/@supabase/functions-js@2.103.2?target=denonext": "7ff0d8632e86df21bbc37e1a608f1ee77d3c754646161bc78c5a690a5c979e97",
    "https://esm.sh/@supabase/functions-js@2.4.4/denonext/functions-js.mjs": "7adeb257410ef3c4a8a1eb9b4ff416c0075d1c32860ca04913c8a9dace1de6a6",
    "https://esm.sh/@supabase/gotrue-js@2.103.2/denonext/gotrue-js.mjs": "a6a6460dd6eddff4e617980935c96659bd5cc13673b45f2111cba9bdbc9baa43",
    "https://esm.sh/@supabase/gotrue-js@2.103.2?target=denonext": "92f70ebd516fd15d42ae3ea2005e81c78dfac0eeff19e9f5842fea296ed71b44",
    "https://esm.sh/@supabase/node-fetch@2.6.15/denonext/node-fetch.mjs": "0bae9052231f4f6dbccc7234d05ea96923dbf967be12f402764580b6bf9f713d",
    "https://esm.sh/@supabase/node-fetch@2.6.15?target=denonext": "4d28c4ad97328403184353f68434f2b6973971507919e9150297413664919cf3",
    "https://esm.sh/@supabase/phoenix@0.4.0/denonext/phoenix.mjs": "d9187057b2e3276d1110b9d814f737d4f8eff7f8b2765c4aa6bf7c7c30d070c9",
    "https://esm.sh/@supabase/phoenix@0.4.0?target=denonext": "c1df3cfcdcf13e9cfddf86181efbdd8d4099b9a2682188b74106596277a69d16",
    "https://esm.sh/@supabase/postgrest-js@1.19.2/denonext/postgrest-js.mjs": "d0a1bb70df26f658c9129401b4677510e359f66646f45bb98adfeb14c2b58560",
    "https://esm.sh/@supabase/postgrest-js@1.21.4/denonext/postgrest-js.mjs": "c3769b11ef02debc78ecf6ab4e152d3cf7dbd05bbbafeb72c160e76cc57cda3c",
    "https://esm.sh/@supabase/postgrest-js@1.21.4?target=denonext": "db2315bc0ff19690cd4239c5adb5f5787f5dea04955058ef1fca541d49555ed6",
    "https://esm.sh/@supabase/postgrest-js@2.100.1/denonext/postgrest-js.mjs": "4782f45501d25ae7ee314db1d45aea31ab98ecf8a5f58a620751bebe69c0275c",
    "https://esm.sh/@supabase/realtime-js@2.100.1/denonext/realtime-js.mjs": "15cd40f4ef7e44ed50f05bb5de4225f16b03005af48ec31d81c9e9ba299caf00",
    "https://esm.sh/@supabase/realtime-js@2.103.2/denonext/realtime-js.mjs": "dce82bd3e0a2317b19152bf2871d8c39b0c99edf830da96f79c39c610d1acacd",
    "https://esm.sh/@supabase/realtime-js@2.103.2?target=denonext": "15c154e23e1937e71444f28c2df3753b38e5366193983bb0ae5f9c0245ae6925",
    "https://esm.sh/@supabase/realtime-js@2.11.2/denonext/realtime-js.mjs": "c33ac375b6be89c893f9df844d2525a4ace015a35aa6ba236270d00c6605c7ba",
    "https://esm.sh/@supabase/storage-js@2.100.1/denonext/storage-js.mjs": "e4752517cbf64fa27e749be08d95c08a8e2ec6ff77b07b9a3de4ea03ca390341",
    "https://esm.sh/@supabase/storage-js@2.103.2/denonext/storage-js.mjs": "7818321946600e79df3e5519b6ee082686a4c7c7a1bdc016bf7c24af43a37454",
    "https://esm.sh/@supabase/storage-js@2.103.2?target=denonext": "70eda11035fa653c72e115fc5446fb34401de135e2bcd86236ce12651655e41c",
    "https://esm.sh/@supabase/storage-js@2.7.1/denonext/storage-js.mjs": "73ac8cdc95cfcd794fe603dbd7ce06d539ab51538ae6467eabe0f9cc26c993aa",
    "https://esm.sh/@supabase/supabase-js@2.100.1": "3da58de1a4bce64c5072ceabe7be743adc0456fa04a9adf8d139ecd7b84e6457",
    "https://esm.sh/@supabase/supabase-js@2.100.1/denonext/supabase-js.mjs": "f6f86dfaf9e573ab5c288330e5414c280c9e1e096ced298e6201c4547f9a480f",
    "https://esm.sh/@supabase/supabase-js@2.39.3": "832d7714491bd1c8a9008a332b35cb099f24b451ad79e755ecf4d71985fd6610",
    "https://esm.sh/@supabase/supabase-js@2.39.3/denonext/supabase-js.mjs": "054f4cd1560fa814cdc10d06c0809b00d0817dc06a072fa983e4c023e4346439",
    "https://esm.sh/@supabase/supabase-js@2.49.1": "947c71e163ca8bb5b538eccb5ee86fbc8da6bcb916a861586db5fad1af4701bb",
    "https://esm.sh/@supabase/supabase-js@2.49.1/denonext/supabase-js.mjs": "35cb49b21ab1bdfb4bdc239a458ebe273a3478be9fbb4380a41efac28ff2bd72",
    "https://esm.sh/bufferutil@4.1.0/denonext/bufferutil.mjs": "9b6e81087bdc57848ad1de1f8618ebbace98ebd9ff6cab51260b48c2a045a9c9",
    "https://esm.sh/bufferutil@4.1.0?target=denonext": "aaa2a112199593ccc40da1aedf5124779862ea166afb0a8529f04f907001428a",
    "https://esm.sh/condense-newlines@0.2.1/denonext/condense-newlines.mjs": "e9d95d8f0f0bf06d048e57a92fbe3c7f828053c66e89b7fd15eb2732b63d8f90",
    "https://esm.sh/condense-newlines@0.2.1?target=denonext": "14fa46e2f66da78fd2495652b73a48d788cc33d046b51df2315875148e08a522",
    "https://esm.sh/deepmerge@4.3.1/denonext/deepmerge.mjs": "1f448aaa83a52514faecb2edc02eb766c9eb10b935b9ac4c1c2a877a0bb56b80",
    "https://esm.sh/deepmerge@4.3.1?target=denonext": "a8faef33b536441a2c63f8c967d160848eb1f898a8e83a35a9f0623ecd9063d3",
    "https://esm.sh/dom-serializer@2.0.0/denonext/dom-serializer.mjs": "545028b1d2c25bae5cbfe6930a28a2e4f7f05e1a0d09bbd0f3f5f9a33df8e3bd",
    "https://esm.sh/dom-serializer@2.0.0?target=denonext": "1626b2b8326556ea2816b5f9bf7522bc9581d545fd9ad117c066ab7a5ff1fb89",
    "https://esm.sh/domelementtype@2.3.0/denonext/domelementtype.mjs": "4f3b57348729cd517560139eb1969ca2fe9cc58c5188abe56e7336d5cb557cc0",
    "https://esm.sh/domelementtype@2.3.0?target=denonext": "2beb2a1e3d18892a9b00ef9528811b93f613a77d2b6fb25376ec0f109ac48a4f",
    "https://esm.sh/domhandler@5.0.3/denonext/domhandler.mjs": "3fb258a3d79bc9066a568bb6b09ce946d1fcfa2636a24ae80a4db220956e0873",
    "https://esm.sh/domhandler@5.0.3?target=denonext": "298fde249b7bff9e80667cfe643e7d4b390871b77b0928d086ce4c0b8fc570e2",
    "https://esm.sh/domutils@3.2.2/denonext/domutils.mjs": "f0b4e80e73810ed6f3d8c4e1822feef89208f32c88b6024a84328d02f5f77c40",
    "https://esm.sh/domutils@3.2.2?target=denonext": "7e487176c61dfd1dfdbcfd1195e7329a64f53421511561b69c570a6cff0a6167",
    "https://esm.sh/entities@4.5.0/denonext/entities.mjs": "4a9306e4021ae1079e83b5db26e1678c536fa69c8f2839802bc3cc43282cef08",
    "https://esm.sh/entities@4.5.0/denonext/lib/decode.mjs": "ef22e25f6bca668e40c4f7d4ecaebe2172a833a18372d55b54f997d0d8702dcd",
    "https://esm.sh/entities@4.5.0/denonext/lib/escape.mjs": "116aef78e5ff05efa6f79851b8b59da025ab88f5c25d2262f73df98f4d57c3fa",
    "https://esm.sh/entities@4.5.0/lib/decode?target=denonext": "488bc8401a0c85a76527d61a41352c5371904aeda57a136eb10ccfadcd2f7c8c",
    "https://esm.sh/entities@4.5.0?target=denonext": "f6bc559c07f40e94b3ef50f0b24e2666a2258db3b6697bf4da8fd2fc014ef7a1",
    "https://esm.sh/html-to-text@9.0.5/denonext/html-to-text.mjs": "9e7f8db5407f0832d5c164f9ae7532abbea169f513b52bf57bf480e90e59a0e6",
    "https://esm.sh/htmlparser2@8.0.2/denonext/htmlparser2.mjs": "c0be0f190e625b82e88378875016f820a38d586e9c885d37e3dd2073a4f0fdfb",
    "https://esm.sh/htmlparser2@8.0.2/denonext/lib/esm/Parser.mjs": "d58fb2f87f8fead8e7ac03c544690908b4db21ab0513415b0cfe9311ab31aaa3",
    "https://esm.sh/htmlparser2@8.0.2/denonext/lib/esm/Tokenizer.mjs": "09109e601c7acd75b99c2a34e53e339a46301d9937e1495eaca8f9019a7b3040",
    "https://esm.sh/htmlparser2@8.0.2?target=denonext": "fd3edaa58a00e79f11b3510cc3930c9f5345486cdcc52c0afe24bbb36aece028",
    "https://esm.sh/iceberg-js@0.8.1/denonext/iceberg-js.mjs": "d839d81a2e3966500ca2cdd0c1cb458e9608bacfc91f7bb67a69b2e878dcdb4f",
    "https://esm.sh/iceberg-js@0.8.1?target=denonext": "58c849d7fe2bf4eca4a84eb501e83c161a7d8c34ca1bec15a962b3bec3062633",
    "https://esm.sh/is-buffer@1.1.6/denonext/is-buffer.mjs": "7264928a1661a6654cb91eaf80e03f231916a18ed5f0ee777eb923fa7a6030a2",
    "https://esm.sh/is-buffer@1.1.6?target=denonext": "f56968ea9b1be60f7718da02368a7c93863121b25dfd575ad7540f7eb33b59d3",
    "https://esm.sh/js-beautify@1.15.4/denonext/js-beautify.mjs": "87583b6b5f136923750e4be241e215f5ca01cf58cd052e2d33e54ca1e0a64223",
    "https://esm.sh/js-beautify@1.15.4?target=denonext": "e502ba1faece62eea942d95725ef270d8747dbbeb28f7ecbc0c7f98ef59656cf",
    "https://esm.sh/kind-of@3.2.2/denonext/kind-of.mjs": "554f16643329a170dd3da6467e216567316e2c54fae47dc9e1bc99ead7af92b6",
    "https://esm.sh/kind-of@3.2.2?target=denonext": "13aaf8bf5a61d1a83e46ddf13b14163ee4ad2b710bf518a2c3251b70eeec6095",
    "https://esm.sh/leac@0.6.0/denonext/leac.mjs": "b73a34f6c2983d85de3604535ae223a31756ae8470e7d350ec4703659b776032",
    "https://esm.sh/leac@0.6.0?target=denonext": "49d9cd25ff3a0658f687f430fb60ae79811a6ba3db8f6d2d243274d789ff6013",
    "https://esm.sh/node-gyp-build@4.8.4/denonext/node-gyp-build.mjs": "9a86f2d044fc77bd60aaa3d697c2ba1b818da5fb1b9aaeedec59a40b8e908803",
    "https://esm.sh/node-gyp-build@4.8.4?target=denonext": "261a6cedf1fdbf159798141ba1e2311ac1510682c5c8b55dacc8cf5fdee4aa06",
    "https://esm.sh/openai@4.96.0": "325176dbe1ea944bf66eecb538c6ffe70f33a99beb068e0489dd6bdd70e17e22",
    "https://esm.sh/openai@4.96.0/denonext/_shims/MultipartBody.mjs": "dd8d1ac5da8afba8bdf36f05a6d83521f9b11ee3366dff69f459d233baf22fe9",
    "https://esm.sh/openai@4.96.0/denonext/_shims/auto/runtime.mjs": "c5c02a4f8193bfe4c0909c74aaf283f88b2c3b4e273be76076b207bdb77a6413",
    "https://esm.sh/openai@4.96.0/denonext/_shims/index.mjs": "0b7435189de5b4101d73e14532f7f1bce0079f726b3276b582f68094079739f5",
    "https://esm.sh/openai@4.96.0/denonext/_shims/registry.mjs": "5938427d0e514ec76318aefb0dea4a2cf2c0742845c87b88e13ce13773318739",
    "https://esm.sh/openai@4.96.0/denonext/_shims/web-runtime.mjs": "6bbfed537c8642ec116714f43391470b8046b6df95dd8da0d7826267618095c5",
    "https://esm.sh/openai@4.96.0/denonext/_vendor/partial-json-parser/parser.mjs": "1adaee7426d6b35cdf4f3861b53c18d12ae45d65c20354e23cd231ae558cd9eb",
    "https://esm.sh/openai@4.96.0/denonext/core.mjs": "4685dd8068e2a6d2c62f33ca764972286ac7e3da90e34ff3b9d09fde4d251122",
    "https://esm.sh/openai@4.96.0/denonext/error.mjs": "6a16765373601464d4d76d4bd34b6f87de6bdc5ea6c2aaa5130f25f27d1ad392",
    "https://esm.sh/openai@4.96.0/denonext/internal/decoders/line.mjs": "1575d2c4c8a52fb74eb6c48ba87ffc5fa96dc706f9df33cc240c3f089ca7345c",
    "https://esm.sh/openai@4.96.0/denonext/internal/qs/formats.mjs": "0b9afc387b9ec350be1386497ffc8c7b99e3fba17ab3e23581712ec4e994aec1",
    "https://esm.sh/openai@4.96.0/denonext/internal/qs/index.mjs": "b52aa712e493aaff1e05e3ad8e404e6108b6c1a4f1cbbee0a7ffa4f5ea5d14cb",
    "https://esm.sh/openai@4.96.0/denonext/internal/qs/stringify.mjs": "9bf199e6478a7504762b5a2eaa73b01788b23c8791febc087a1fbfc5365f0528",
    "https://esm.sh/openai@4.96.0/denonext/internal/qs/utils.mjs": "a664e95b4d61607f6bebbc20a85e72cbd4e1f5f8d9b649b517156677a12d239a",
    "https://esm.sh/openai@4.96.0/denonext/internal/stream-utils.mjs": "cd1b1d2e5c0c24224cf4d9e67e07eee101064a606980eb0d9b96557dcd0958b7",
    "https://esm.sh/openai@4.96.0/denonext/lib/AbstractChatCompletionRunner.mjs": "177acda8506bb93d18dc66e42b18c721607c2735ffd6714efd08a37e0e3201fe",
    "https://esm.sh/openai@4.96.0/denonext/lib/AssistantStream.mjs": "43b43021b3b5224a6d848d350a1e0be108c06581151ba51e8576a3733f5a42e0",
    "https://esm.sh/openai@4.96.0/denonext/lib/ChatCompletionRunner.mjs": "3b723c1e15c70dbe073503a683f1e3f43398e337b0b82158e6466a4a4a3c072d",
    "https://esm.sh/openai@4.96.0/denonext/lib/ChatCompletionStream.mjs": "d3fcb250f1c005ddffc74473555d6cb43efe5caf5e20761a3d00ca60dc3cff7b",
    "https://esm.sh/openai@4.96.0/denonext/lib/ChatCompletionStreamingRunner.mjs": "fbf8ceebd7285e7b5eceeddb1bc8cc310d6474485e445e70d7f3ab6484c1ea42",
    "https://esm.sh/openai@4.96.0/denonext/lib/EventStream.mjs": "e7c9725bdcbc762b4eae5b0e336cd0f75de20f63130f8039b0620c2959047d73",
    "https://esm.sh/openai@4.96.0/denonext/lib/ResponsesParser.mjs": "e7bd399f6cd4de8c10703c9b65c2bc7de1a63a6f5a1d04e7de36d45527fc1a8e",
    "https://esm.sh/openai@4.96.0/denonext/lib/RunnableFunction.mjs": "025abcfb24d9381ee4058e63ff10fb0f27ed0845b02ea1e421814ccf1c57c6d4",
    "https://esm.sh/openai@4.96.0/denonext/lib/Util.mjs": "e1debca79fe5295288b91827c879e431388216c152c971ee83cfcc4d2b53e37f",
    "https://esm.sh/openai@4.96.0/denonext/lib/chatCompletionUtils.mjs": "be4068b337ab46495396156ca36bddd5b132ad9b4dc427304e77c4364c3ad149",
    "https://esm.sh/openai@4.96.0/denonext/lib/parser.mjs": "3e5cb6a664902ae3f05ac0e270ae66a9332949bf94565770a8094e2145536696",
    "https://esm.sh/openai@4.96.0/denonext/lib/responses/ResponseStream.mjs": "e93affc1b9d41ff212cd2ba3dd49327c00cf9998a4d311463297e3664ca955c1",
    "https://esm.sh/openai@4.96.0/denonext/openai.mjs": "82ae3ff074fa57581325f92b7cd90f5f5ad1a9e1a391d934b2f110e50bbcc67d",
    "https://esm.sh/openai@4.96.0/denonext/pagination.mjs": "ac071a1da4451eaf4e21448bbc4892d78d9c3206ab7f120caddc01df54351e77",
    "https://esm.sh/openai@4.96.0/denonext/resource.mjs": "714c32828eac7493f5e9286e2e9c718e1a7fbbfaf35e30729e865bf3b36f8565",
    "https://esm.sh/openai@4.96.0/denonext/resources/audio/audio.mjs": "6edd431a040200086d2be175b189e4ff88b0ccec69f78e602e8561fc9237892d",
    "https://esm.sh/openai@4.96.0/denonext/resources/audio/speech.mjs": "cd5c503cd0981e60eb018729ecb894c100440ebc4f3f440fad199c687195dc30",
    "https://esm.sh/openai@4.96.0/denonext/resources/audio/transcriptions.mjs": "41939bc15d7a90c14d9ff92e282b5a60e42c6df16e5134e9f9837b70002dff25",
    "https://esm.sh/openai@4.96.0/denonext/resources/audio/translations.mjs": "1aafeaabe6451f5790cba792aa70bd70fdb16ac850591cb21e88492926f11cfe",
    "https://esm.sh/openai@4.96.0/denonext/resources/batches.mjs": "e8984a356b70bb5fc9ece8e76d7a7ccc51517b0e8e8ff777061292c56858b99a",
    "https://esm.sh/openai@4.96.0/denonext/resources/beta/assistants.mjs": "f67b55cab2f19c934fd919aced113f17f786831d426a831d1cb2a8a2618dbb15",
    "https://esm.sh/openai@4.96.0/denonext/resources/beta/beta.mjs": "ea5a90ebb4b2050281acbd5d6cb4d0c39f781e06b24c709bbb1ce40434a93c6f",
    "https://esm.sh/openai@4.96.0/denonext/resources/beta/chat/chat.mjs": "cf555f0daef4799d7d26270113f48a92044c8137fbdfbc005011aa569f9b2dc4",
    "https://esm.sh/openai@4.96.0/denonext/resources/beta/chat/completions.mjs": "876b1e99253f6dd37428967f9aec3d88459efa9a63299aed012085c6ecd09202",
    "https://esm.sh/openai@4.96.0/denonext/resources/beta/realtime/realtime.mjs": "aa6c1f2337af3c42eb52082371e3a49773d466f00899d462c2f02b24b2767743",
    "https://esm.sh/openai@4.96.0/denonext/resources/beta/realtime/sessions.mjs": "0a332e2c498937c0fd986eff0a8fb443c53298938c3f166989307344782cee4a",
    "https://esm.sh/openai@4.96.0/denonext/resources/beta/realtime/transcription-sessions.mjs": "6d4a4985b4cd580b9a56f11b3389d7aa081322243b0118c5576e2b4e9935199f",
    "https://esm.sh/openai@4.96.0/denonext/resources/beta/threads/messages.mjs": "c166361c29f9ec7ef0dc07ce5030758192fa02a91d97ceefa2c4306d363ef34e",
    "https://esm.sh/openai@4.96.0/denonext/resources/beta/threads/runs/runs.mjs": "28216bd97c65f8815d5690c70230d56dc317be57c1849777d3f7b1e035be547b",
    "https://esm.sh/openai@4.96.0/denonext/resources/beta/threads/runs/steps.mjs": "c310a59ab9a20db165992abe7a46959cb59555610459455b9c7c2777cc25288a",
    "https://esm.sh/openai@4.96.0/denonext/resources/beta/threads/threads.mjs": "94e24912a9f0f6d920fb0bdd5c1ddc515394e0ecc8aa8f96cbb1341006425964",
    "https://esm.sh/openai@4.96.0/denonext/resources/chat/chat.mjs": "d9dedfba9d9b1bf6120efc774d61546dfe06e7bcc7db3d3c85990fd253172a90",
    "https://esm.sh/openai@4.96.0/denonext/resources/chat/completions/completions.mjs": "41b44901d7c6a27babc1d3da7e1087309415bd266c7a4468e3dce3fb8720bc00",
    "https://esm.sh/openai@4.96.0/denonext/resources/chat/completions/index.mjs": "1be30ac13b825f2c1b49f494d4892bb6a189a781dbc7c1abf0ee92059a61d610",
    "https://esm.sh/openai@4.96.0/denonext/resources/chat/completions/messages.mjs": "bb5bc7ed31a0e945ffc36562c4f04c563c2aa2352fcac617718560222fb7c9a8",
    "https://esm.sh/openai@4.96.0/denonext/resources/chat/index.mjs": "afa740af1f72c78f21db24ce39fe0017cbffdc2de5ce6528a51a37ff63477d9f",
    "https://esm.sh/openai@4.96.0/denonext/resources/completions.mjs": "fac30b553a5985920c8dfd6641976e75320856f150fa380669806adb70d08b5f",
    "https://esm.sh/openai@4.96.0/denonext/resources/embeddings.mjs": "3fd141f76e858538dd4313284a0613349a83302ab0a0a8ade5310535cc46bfd4",
    "https://esm.sh/openai@4.96.0/denonext/resources/evals/evals.mjs": "70ee67ab2560b1d2d582ed6b1dd26c10f88d8179a47599187536fdb5a892c645",
    "https://esm.sh/openai@4.96.0/denonext/resources/evals/runs/output-items.mjs": "cd5bbf85272271ac2a2308d1719ade894b63393e66dd020793b136089d98ee52",
    "https://esm.sh/openai@4.96.0/denonext/resources/evals/runs/runs.mjs": "63df9839b995877e7091fd1bf0097ef394bd87a22ce775d52c38e8e52bafa18a",
    "https://esm.sh/openai@4.96.0/denonext/resources/files.mjs": "4d7a2f96b89d1ab446bc892d25baa97704b0a187f45ae6e689b5e5e3f65f5623",
    "https://esm.sh/openai@4.96.0/denonext/resources/fine-tuning/checkpoints/checkpoints.mjs": "77f763972b5d6c25d434b60742fca570371e8280fae97229cfd6ef286e623096",
    "https://esm.sh/openai@4.96.0/denonext/resources/fine-tuning/checkpoints/permissions.mjs": "6f2792fc0bbd5d0e248789cdc8604d739dfdb3a72c5ac5ad7671a9d9edd73c2d",
    "https://esm.sh/openai@4.96.0/denonext/resources/fine-tuning/fine-tuning.mjs": "fcb50e95b403e8ed436988c07b73c473ca5e4070023b3adc80226cbac6bf4ee7",
    "https://esm.sh/openai@4.96.0/denonext/resources/fine-tuning/jobs/checkpoints.mjs": "e6c25235478d90e87bc578c33fa3f425cc0bd0a9a27b41995371437b38bf72ba",
    "https://esm.sh/openai@4.96.0/denonext/resources/fine-tuning/jobs/jobs.mjs": "2e6a4e38fc317cade2e23bce94b45e19e0f33995273a0a64f440d012af0e42dd",
    "https://esm.sh/openai@4.96.0/denonext/resources/images.mjs": "dc28f8a116634aa7d12b69d01d6ec40d21baa34b4398a8688b1fde4aa91bf707",
    "https://esm.sh/openai@4.96.0/denonext/resources/index.mjs": "1254e518678a23f7e8d8f9cd9caac6b90878a5cafdcf86f84067eae2ed88dfd6",
    "https://esm.sh/openai@4.96.0/denonext/resources/models.mjs": "c0701150da1927fb557f79c762c10e4f5ed0d954c6870d066eccf83f17ac1ccb",
    "https://esm.sh/openai@4.96.0/denonext/resources/moderations.mjs": "548ba891267f31ccf5eed4655777aecddb22403b824ecf3bd70bd439826b423f",
    "https://esm.sh/openai@4.96.0/denonext/resources/responses/input-items.mjs": "05ce8a8bb76d529f72840b5e9df3e4ca5c8e984372834ffe53c3cc3d1981e800",
    "https://esm.sh/openai@4.96.0/denonext/resources/responses/responses.mjs": "801eb31ed84f3b25b6b6a853cc8c0c1e0c973294ee946d387e0eaaedfad294f9",
    "https://esm.sh/openai@4.96.0/denonext/resources/shared.mjs": "e30c691fd57788f8e2855978cefca5d29e938de7aed0f198bb4b02e097145f4a",
    "https://esm.sh/openai@4.96.0/denonext/resources/uploads/parts.mjs": "7ce646ae1d841006a9d6f0791056b5b61df30ba42079cddb0779245b80fed093",
    "https://esm.sh/openai@4.96.0/denonext/resources/uploads/uploads.mjs": "276f484045368504c8287b277d121ff8c3159c9b67f77bcd0c256284c12662c9",
    "https://esm.sh/openai@4.96.0/denonext/resources/vector-stores/file-batches.mjs": "df7cbb59418f31899eb8832a0e2315877d10059e62b060f2e130960fcd9adea3",
    "https://esm.sh/openai@4.96.0/denonext/resources/vector-stores/files.mjs": "6743dec89380c5320fddef37259db1376aec989e898c9b470621a5e688708eb8",
    "https://esm.sh/openai@4.96.0/denonext/resources/vector-stores/vector-stores.mjs": "32c42da1bca1403c53420de1d92bd046ed6a6500cf85edb6aad74af25aa48766",
    "https://esm.sh/openai@4.96.0/denonext/streaming.mjs": "b11b900f169c53e5148ac8df046b13ebe3e6325d02ed3752a0c8e91226464f6f",
    "https://esm.sh/openai@4.96.0/denonext/uploads.mjs": "a6e0935aa2c899c02b9f44f5001f554b39b9aaeebc41fa61af6b81b4d9cd7409",
    "https://esm.sh/openai@4.96.0/denonext/version.mjs": "47fb9f2b0cb525f03f8bc67ca8b188c165d22d2cc14a4f48aac31643a053d049",
    "https://esm.sh/openai@7.9.0": "9fc870e5eb76ffacb22ca1c071e5432c17cc1a65dfe952a4351ff196509047c5",
    "https://esm.sh/openai@7.9.0/denonext/azure.mjs": "881d6aee97fbd76e3b779c9f6300526b54b4da7475e4524b006ec856906da8bd",
    "https://esm.sh/openai@7.9.0/denonext/bedrock.mjs": "5ba5e140033dbf708b4dfa6f81d6b6a2e1d7a7b138fe3533d2c5e826bc1df6ef",
    "https://esm.sh/openai@7.9.0/denonext/client.mjs": "ee043914c703d9e44127770e6c8a9f4ab16798a70bffe43889caca66deed3602",
    "https://esm.sh/openai@7.9.0/denonext/core/api-promise.mjs": "dc8a541cdd17dcf3a48b3bfc971712d0d67674e8f514fd500420785f283ddca9",
    "https://esm.sh/openai@7.9.0/denonext/core/error.mjs": "af11631e1a47862f81069fa4476499450fd35ca951878a1e54e067d12b5ef51a",
    "https://esm.sh/openai@7.9.0/denonext/core/pagination.mjs": "9b465e13a71cad2f11feb8be54a234c24f80172b82fa0989dd122aa1d9b7db8b",
    "https://esm.sh/openai@7.9.0/denonext/core/resource.mjs": "10f7c4fae981c627dd97e513134d006cfbecf242862f06d6515421ab3e1896b6",
    "https://esm.sh/openai@7.9.0/denonext/core/streaming.mjs": "cfd2e9852abf3ad2aea0954cbd96216a1be1f0b31d66ead7976d8c6266447733",
    "https://esm.sh/openai@7.9.0/denonext/core/uploads.mjs": "9ca364ca041d9494d035ba4e1e08000299028297dae6fa5c41b7b8358481baf7",
    "https://esm.sh/openai@7.9.0/denonext/error.mjs": "0994f382d4ec297111f799443daea56c2d786d56a6b63f74d6d1b141119a9348",
    "https://esm.sh/openai@7.9.0/denonext/internal/data-residency.mjs": "e8e576e76ed3f91a5d8bff6b23e1cc9c9e510aad4e0c2753f127a73e9d34d11c",
    "https://esm.sh/openai@7.9.0/denonext/internal/errors.mjs": "a2ef53d8cbe7fabfb323de324f90397d9eac16d459485dff7c94822ef099156b",
    "https://esm.sh/openai@7.9.0/denonext/internal/headers.mjs": "8ac2e59dd1475c67931821d531ea5a5d80ea66b96118365d0f30a581dd0ff1f7",
    "https://esm.sh/openai@7.9.0/denonext/internal/parse.mjs": "2fbb03158c14f10e6f0252188063f478c2c49581c2cf30d9c11095836fa3ba7d",
    "https://esm.sh/openai@7.9.0/denonext/internal/request-options.mjs": "823e20d008213e9f096717ec292cd937eaa42bfa45d2f1ac3b554d3ed9f90146",
    "https://esm.sh/openai@7.9.0/denonext/internal/shims.mjs": "60a4b79184738ee6fffd57e0ef7b6465533570d7bd6c297b863d2f7566425b8b",
    "https://esm.sh/openai@7.9.0/denonext/internal/tslib.mjs": "7cadcb524aabd80786aee4e13b9232b6ec404d71e21d465aa00997ddb6b28213",
    "https://esm.sh/openai@7.9.0/denonext/internal/uploads.mjs": "7bd83bcbab076a5c55b77e0ff4a3df68b63b6c85292b28f30c91ebf78236001d",
    "https://esm.sh/openai@7.9.0/denonext/internal/utils.mjs": "f46a6256f58eeae46d28e42d7664baa5b511c55623bb946750252fdb80f79d1c",
    "https://esm.sh/openai@7.9.0/denonext/internal/utils/base64.mjs": "9cbcbef0daeb54b4f16dafe9447d65ba3f0e3f69243ce095f38626ecee0487d2",
    "https://esm.sh/openai@7.9.0/denonext/internal/utils/bytes.mjs": "8cef3f1d5db20fb75239231a599a3bbad08258e9a82dd516b1da50f01e026c80",
    "https://esm.sh/openai@7.9.0/denonext/internal/utils/env.mjs": "ef5f1eb9ec6bb27d35958299c771585c7a467d8cb9f37d948f0e30337a27a896",
    "https://esm.sh/openai@7.9.0/denonext/internal/utils/log.mjs": "ef059a61c7fb96d6ce864703c29e8045317322eee6bb436f2a444535616bb8c9",
    "https://esm.sh/openai@7.9.0/denonext/internal/utils/path.mjs": "a75512a47a3049c677e56f6fc203949b00463c17513b54d97c7b9b61b7642060",
    "https://esm.sh/openai@7.9.0/denonext/internal/utils/query.mjs": "4fc47de3f20bca2b3b272ad22916fea29fe4a02ff07305a94125e61c250c64fe",
    "https://esm.sh/openai@7.9.0/denonext/internal/utils/sleep.mjs": "e07d0292929c47e785471d88a084444cf5a00658467f89f42873e35ceb36bcb8",
    "https://esm.sh/openai@7.9.0/denonext/internal/utils/uuid.mjs": "a05e163c5d48f8e0321748b9d7449dbd5c0ff7b67e34e911b26e509bcbb3fa1f",
    "https://esm.sh/openai@7.9.0/denonext/internal/utils/values.mjs": "54c6a37a2dbcd41f93e005657c63ec8ae9526104b8174b5329bf4b1cda0e2f62",
    "https://esm.sh/openai@7.9.0/denonext/lib/AbstractChatCompletionRunner.mjs": "67ae56fc3f0b68d4906e21032db3ca49eb84a296653827ea232bac9187f9f7c7",
    "https://esm.sh/openai@7.9.0/denonext/lib/EventStream.mjs": "a28cab364ec2073462aef70923a874a63ad82a7c199f50db02d225afcbe5385b",
    "https://esm.sh/openai@7.9.0/denonext/lib/ResponsesParser.mjs": "06afcce766cd959f5af97c731e9725d18288cbce1b9f287a4f99445c7942c3ae",
    "https://esm.sh/openai@7.9.0/denonext/lib/RunnableFunction.mjs": "4bd4c58b58d1ebc582e5bd47ad379c626eef8a586421ffb58a8768ff42db5b92",
    "https://esm.sh/openai@7.9.0/denonext/lib/chatCompletionUtils.mjs": "10b411a90dbbff832281a2a45880691917ea59e1e5a5f6168eb2c1419d35c8b0",
    "https://esm.sh/openai@7.9.0/denonext/lib/parser.mjs": "eb4ce580538ddafdf1fad518087306e35d6b3cfadef89eae15c9140410858ab5",
    "https://esm.sh/openai@7.9.0/denonext/lib/polling.mjs": "3d12b610ae3aca81b5b0ce452e0b498a3419cfb6ebec10656dbe48c317e2eb44",
    "https://esm.sh/openai@7.9.0/denonext/openai.mjs": "bfd02a53f645534639f7dafad7fb7fc0101c3454558fa4644c881cb5d51d8629",
    "https://esm.sh/openai@7.9.0/denonext/resources/admin/admin.mjs": "52cb5fd5485d9ad37b738078679accae606c7e432ba0a122092b70a9f5de8f3b",
    "https://esm.sh/openai@7.9.0/denonext/resources/audio/audio.mjs": "4e46e441de9bb0e8cdc3ebdfff80e6cf9ff11fcf0c92b137e5afe4f05756cb2a",
    "https://esm.sh/openai@7.9.0/denonext/resources/batches.mjs": "8b81356e840e50bc14125f2a8dcfa54e8aef9e8fdeeeda0912030fc747755d9d",
    "https://esm.sh/openai@7.9.0/denonext/resources/beta/beta.mjs": "7da62b36a59ccda9f90566f81d18c3d406eccf7cb08ebb6c8b39a4bdf8f89a0d",
    "https://esm.sh/openai@7.9.0/denonext/resources/chat/chat.mjs": "5d1e087d38748f40e6b84444977ff7e7ef37026b16de70142a161f8938891844",
    "https://esm.sh/openai@7.9.0/denonext/resources/chat/completions/index.mjs": "fa7cf40fdf86d09cd908f9b66d54b27e86532068f2761a1465564fe9f4bd7452",
    "https://esm.sh/openai@7.9.0/denonext/resources/completions.mjs": "36cb76aa3e43d71063176017237d24f43d83ee40f7ff80c9a6da8da4f16e82cd",
    "https://esm.sh/openai@7.9.0/denonext/resources/containers/containers.mjs": "34cfccc98158595d60636780e42200995105db88a728d3079336b53f6971ef19",
    "https://esm.sh/openai@7.9.0/denonext/resources/content-provenance-checks.mjs": "fe45c5109f990a82741445364d221a7a80c15276ceb841ca3a1c7d35c0ce4031",
    "https://esm.sh/openai@7.9.0/denonext/resources/conversations/conversations.mjs": "301bcbddaa07d0676fa9ba7a10940fea315f345c898a8d3cd69d1ac49cb5189b",
    "https://esm.sh/openai@7.9.0/denonext/resources/embeddings.mjs": "be9d601460c39b606b733b585aa7e946ed4f7f8de3489296288683c70208daab",
    "https://esm.sh/openai@7.9.0/denonext/resources/evals/evals.mjs": "2c7943bbafe7038fc152797731dbc80ef66ec56c5b5960dd81da8fbbe23272c6",
    "https://esm.sh/openai@7.9.0/denonext/resources/files.mjs": "b6699f0479acd47e86ccb6299dfa383a80677b0064449b7b801d526e59489cae",
    "https://esm.sh/openai@7.9.0/denonext/resources/fine-tuning/fine-tuning.mjs": "98f0f2691056d076b0c83b08789866ca34a78930ddad11f99b942fbc3b654aaf",
    "https://esm.sh/openai@7.9.0/denonext/resources/graders/graders.mjs": "e23ffbec5ea1d1ebfd4cab2c339788699d467713df403d5e166e21751bd7b290",
    "https://esm.sh/openai@7.9.0/denonext/resources/images.mjs": "19ba99d3cf56b1e769fd8f40bc585bc3a577a12596584bb77e34a182251c043d",
    "https://esm.sh/openai@7.9.0/denonext/resources/index.mjs": "e6b7799d0fdd002a4598e6c10d752523b7a6fa2491fb53d7fafa202d7ef15fb2",
    "https://esm.sh/openai@7.9.0/denonext/resources/models.mjs": "7b998c3ce7fbc323bd3538a9228ddcb834b409c3cdc1eee1e24bd56d91ccee6c",
    "https://esm.sh/openai@7.9.0/denonext/resources/moderations.mjs": "390fa64404c497cb3e96ed5150d34759427cb93d843bb41073c00addcb9e9805",
    "https://esm.sh/openai@7.9.0/denonext/resources/realtime/realtime.mjs": "b3807f74cebd6a1df33ac2fb5e507db106c854b03edf653f1e02879088ffc726",
    "https://esm.sh/openai@7.9.0/denonext/resources/responses/responses.mjs": "0f92eb77c47b262d46b4de44426602861ae0df04c9c1ab246c686020fba89df6",
    "https://esm.sh/openai@7.9.0/denonext/resources/skills/skills.mjs": "fb2e3904d04177b25c13f5fea9569cf57bbedfdd31b5c5008f365b97adfc97a6",
    "https://esm.sh/openai@7.9.0/denonext/resources/uploads/uploads.mjs": "072e7596f691d94233a01a461ae9809c7247f05b0b2f8eb17b7665be8400a62b",
    "https://esm.sh/openai@7.9.0/denonext/resources/vector-stores/vector-stores.mjs": "660189cbdce41389082835c0f1e30193bc7308a138731cc9082a6077026f2235",
    "https://esm.sh/openai@7.9.0/denonext/resources/videos.mjs": "482fd385d41d9150af054bc4194862c6262f75bf7e7b6d47441ad238de3cc6cd",
    "https://esm.sh/openai@7.9.0/denonext/resources/webhooks/webhooks.mjs": "f1dd210f67ad530aa427ba0f8631aa41cc8b9b0de15708e1281a5504069a8623",
    "https://esm.sh/openai@7.9.0/denonext/streaming.mjs": "4d4db8945b199abd08ad6160707c1501b7b1d63c75c283dd1af51af4e6435779",
    "https://esm.sh/openai@7.9.0/denonext/version.mjs": "663c9e27b5345f03fe0019c548e86f51b988ce184435bd838264093aff83d4a0",
    "https://esm.sh/parseley@0.12.1/denonext/parseley.mjs": "adb641dd0790c5f80caccae1d12029aa5434498368eea27696e9e3d5dcd0b835",
    "https://esm.sh/parseley@0.12.1?target=denonext": "8169d6a6a0345226dc65fed2b195413c2bc863348afa61ce31f5bf4730299a1a",
    "https://esm.sh/peberminta@0.9.0/denonext/lib/util.mjs": "ab48ab5eead902341c9f2209db7881d58f9ad2eeac75d62b02bd8fc3c2b96df5",
    "https://esm.sh/peberminta@0.9.0/denonext/peberminta.mjs": "b9e30d34531689bfa87bdd584c19732de2b40a7fb9c87a8dd083b24ccce9199f",
    "https://esm.sh/peberminta@0.9.0?target=denonext": "021e477cef449a6078dec84f778954407b9a913315dc72e5c42eee18db590843",
    "https://esm.sh/pretty@2.0.0/denonext/pretty.mjs": "4dc1a89b052a78dae360efd37e823a752bde553f7a6ea9fd5507e2365b37d510",
    "https://esm.sh/react-dom@18.2.0/denonext/server.mjs": "8e60c3810ba398eae573a08bb0586fa6f026a039b22719c149426b8a898cd13f",
    "https://esm.sh/react@18.2.0/denonext/react.mjs": "a986c2876dc2f73879f395e677dc34cb751f260e69db16364810655f884df173",
    "https://esm.sh/resend@2.0.0": "b222433340dc6655ed294a343815916b5a5ceeac999f07f627a5614a87cd9fe4",
    "https://esm.sh/resend@2.0.0/denonext/resend.mjs": "67fffc78d60ce88226431208b8746ff5977401d5525b3c873fd66b2de3cc5a55",
    "https://esm.sh/selderee@0.11.0/denonext/selderee.mjs": "7cd55f556e21df07f094dc04a9a3b19f56f4b0781c92aebfb5fbda7536fc167d",
    "https://esm.sh/selderee@0.11.0?target=denonext": "30cf39b226588a56ac350c58aa59db26137ad7a6c609f02689718bbfd389a618",
    "https://esm.sh/tr46@0.0.3/denonext/tr46.mjs": "5753ec0a99414f4055f0c1f97691100f13d88e48a8443b00aebb90a512785fa2",
    "https://esm.sh/tr46@0.0.3?target=denonext": "19cb9be0f0d418a0c3abb81f2df31f080e9540a04e43b0f699bce1149cba0cbb",
    "https://esm.sh/tslib@2.8.1/denonext/tslib.mjs": "c38da5dd6da6281964435002ce204cd586634fe3bdfb24a0ee116f48cf3292e9",
    "https://esm.sh/utf-8-validate@6.0.6/denonext/utf-8-validate.mjs": "4a41983aa887625615f52a52b53c223d8f16c74e52a6bd41b2c361894c07f878",
    "https://esm.sh/utf-8-validate@6.0.6?target=denonext": "8afa4e097093160323f232f971ca61474d22ccafdac8025e4e4f66ab4e07b2c4",
    "https://esm.sh/webidl-conversions@3.0.1/denonext/webidl-conversions.mjs": "238cd0743827707cbc1c2d7c2cf1027dbc536fb53ec9a3fde0ff8026a3ac5385",
    "https://esm.sh/webidl-conversions@3.0.1?target=denonext": "4e20318d50528084616c79d7b3f6e7f0fe7b6d09013bd01b3974d7448d767e29",
    "https://esm.sh/whatwg-url@5.0.0/denonext/whatwg-url.mjs": "29b16d74ee72624c915745bbd25b617cfd2248c6af0f5120d131e232a9a9af79",
    "https://esm.sh/whatwg-url@5.0.0?target=denonext": "f001a2cadf81312d214ca330033f474e74d81a003e21e8c5d70a1f46dc97b02d",
    "https://esm.sh/ws@8.19.0/denonext/ws.mjs": "20159ebe457a6c0fdf9a80f10ab7cb73d0d7359e507c714f65eb9eadcc6ab9b2",
    "https://esm.sh/ws@8.19.0?target=denonext": "5754cf6636f02a4d1d3d9aaa9ebca9f6c08c121d3b3f0935dc2936b7a14c9453"
  },
  "workspace": {
    "packageJson": {
      "dependencies": [
        "npm:@dnd-kit/core@^6.3.1",
        "npm:@dnd-kit/sortable@10",
        "npm:@dnd-kit/utilities@^3.2.2",
        "npm:@eslint/js@^9.32.0",
        "npm:@fontsource/dm-sans@^5.2.8",
        "npm:@fontsource/playfair-display@^5.2.8",
        "npm:@hookform/resolvers@^3.10.0",
        "npm:@playwright/test@^1.58.2",
        "npm:@radix-ui/react-accordion@^1.2.11",
        "npm:@radix-ui/react-alert-dialog@^1.1.14",
        "npm:@radix-ui/react-aspect-ratio@^1.1.7",
        "npm:@radix-ui/react-avatar@^1.1.10",
        "npm:@radix-ui/react-checkbox@^1.3.2",
        "npm:@radix-ui/react-collapsible@^1.1.11",
        "npm:@radix-ui/react-context-menu@^2.2.15",
        "npm:@radix-ui/react-dialog@^1.1.14",
        "npm:@radix-ui/react-dropdown-menu@^2.1.15",
        "npm:@radix-ui/react-hover-card@^1.1.14",
        "npm:@radix-ui/react-label@^2.1.7",
        "npm:@radix-ui/react-menubar@^1.1.15",
        "npm:@radix-ui/react-navigation-menu@^1.2.13",
        "npm:@radix-ui/react-popover@^1.1.14",
        "npm:@radix-ui/react-progress@^1.1.7",
        "npm:@radix-ui/react-radio-group@^1.3.7",
        "npm:@radix-ui/react-scroll-area@^1.2.9",
        "npm:@radix-ui/react-select@^2.2.5",
        "npm:@radix-ui/react-separator@^1.1.7",
        "npm:@radix-ui/react-slider@^1.3.5",
        "npm:@radix-ui/react-slot@^1.2.3",
        "npm:@radix-ui/react-switch@^1.2.5",
        "npm:@radix-ui/react-tabs@^1.1.12",
        "npm:@radix-ui/react-toast@^1.2.14",
        "npm:@radix-ui/react-toggle-group@^1.1.10",
        "npm:@radix-ui/react-toggle@^1.1.9",
        "npm:@radix-ui/react-tooltip@^1.2.7",
        "npm:@supabase/supabase-js@^2.86.2",
        "npm:@tailwindcss/typography@~0.5.16",
        "npm:@tanstack/react-query@^5.83.0",
        "npm:@testing-library/jest-dom@^6.9.1",
        "npm:@testing-library/react@^16.3.2",
        "npm:@testing-library/user-event@^14.6.1",
        "npm:@tiptap/extension-image@^3.31.3",
        "npm:@tiptap/extension-link@^3.31.3",
        "npm:@tiptap/extension-text-style@^3.31.3",
        "npm:@tiptap/react@^3.31.3",
        "npm:@tiptap/starter-kit@^3.31.3",
        "npm:@types/dompurify@^3.0.5",
        "npm:@types/node@^22.16.5",
        "npm:@types/papaparse@^5.5.2",
        "npm:@types/prismjs@^1.26.5",
        "npm:@types/react-dom@^18.3.7",
        "npm:@types/react@^18.3.23",
        "npm:@vercel/analytics@^2.0.1",
        "npm:@vercel/speed-insights@2",
        "npm:@vitejs/plugin-react-swc@^3.11.0",
        "npm:@vitest/coverage-v8@^4.0.18",
        "npm:autoprefixer@^10.4.21",
        "npm:class-variance-authority@~0.7.1",
        "npm:clsx@^2.1.1",
        "npm:cmdk@^1.1.1",
        "npm:date-fns@^3.6.0",
        "npm:dompurify@^3.3.1",
        "npm:dotenv@^17.3.1",
        "npm:embla-carousel-react@^8.6.0",
        "npm:eslint-plugin-react-hooks@^5.2.0",
        "npm:eslint-plugin-react-refresh@~0.4.20",
        "npm:eslint@^9.32.0",
        "npm:globals@^15.15.0",
        "npm:i18next-browser-languagedetector@^8.2.1",
        "npm:i18next@^25.10.10",
        "npm:input-otp@^1.4.2",
        "npm:jsdom@^27.0.1",
        "npm:jszip@^3.10.1",
        "npm:katex@~0.16.27",
        "npm:lovable-tagger@^1.1.11",
        "npm:lucide-react@0.462",
        "npm:next-themes@0.3",
        "npm:otpauth@^9.5.2",
        "npm:papaparse@^5.5.3",
        "npm:pdf-lib@^1.17.1",
        "npm:postcss@^8.5.6",
        "npm:prismjs@^1.30.0",
        "npm:react-day-picker@^8.10.1",
        "npm:react-dom@^18.3.1",
        "npm:react-hook-form@^7.61.1",
        "npm:react-i18next@^16.6.6",
        "npm:react-markdown@^10.1.0",
        "npm:react-pdf@^10.2.0",
        "npm:react-resizable-panels@^2.1.9",
        "npm:react-router-dom@^6.30.1",
        "npm:react@^18.3.1",
        "npm:recharts@^2.15.4",
        "npm:remark-gfm@^4.0.1",
        "npm:sonner@^1.7.4",
        "npm:tailwind-merge@^2.6.0",
        "npm:tailwindcss-animate@^1.0.7",
        "npm:tailwindcss@^3.4.17",
        "npm:typescript-eslint@^8.38.0",
        "npm:typescript@^5.8.3",
        "npm:vaul@~0.9.9",
        "npm:vite@^5.4.19",
        "npm:vitest@^4.0.18",
        "npm:zod@^3.25.76"
      ]
    }
  }
}
